
Microsoft Visual Studio Solution File, Format Version 12.00
# Visual Studio Version 16
VisualStudioVersion = 16.0.31911.196
MinimumVisualStudioVersion = 10.0.40219.1
Project("{FAE04EC0-301F-11D3-BF4B-00C04F79EFBC}") = "010_Practica_Metodos", "010_Practica_Metodos\010_Practica_Metodos.csproj", "{DF5DF654-389C-46BA-A4E2-75FCA6704BC7}"
EndProject
Global
	GlobalSection(SolutionConfigurationPlatforms) = preSolution
		Debug|Any CPU = Debug|Any CPU
		Release|Any CPU = Release|Any CPU
	EndGlobalSection
	GlobalSection(ProjectConfigurationPlatforms) = postSolution
		{DF5DF654-389C-46BA-A4E2-75FCA6704BC7}.Debug|Any CPU.ActiveCfg = Debug|Any CPU
		{DF5DF654-389C-46BA-A4E2-75FCA6704BC7}.Debug|Any CPU.Build.0 = Debug|Any CPU
		{DF5DF654-389C-46BA-A4E2-75FCA6704BC7}.Release|Any CPU.ActiveCfg = Release|Any CPU
		{DF5DF654-389C-46BA-A4E2-75FCA6704BC7}.Release|Any CPU.Build.0 = Release|Any CPU
	EndGlobalSection
	GlobalSection(SolutionProperties) = preSolution
		HideSolutionNode = FALSE
	EndGlobalSection
	GlobalSection(ExtensibilityGlobals) = postSolution
		SolutionGuid = {ED9B95D7-5EC6-420C-A66B-A32EEED0B2AC}
	EndGlobalSection
EndGlobal
