
Microsoft Visual Studio Solution File, Format Version 12.00
# Visual Studio Version 16
VisualStudioVersion = 16.0.31911.196
MinimumVisualStudioVersion = 10.0.40219.1
Project("{FAE04EC0-301F-11D3-BF4B-00C04F79EFBC}") = "024_Lanzamiento_de_excepciones", "024_Lanzamiento_de_excepciones\024_Lanzamiento_de_excepciones.csproj", "{87936179-9AB3-4F06-87DF-B028AFE00CC3}"
EndProject
Global
	GlobalSection(SolutionConfigurationPlatforms) = preSolution
		Debug|Any CPU = Debug|Any CPU
		Release|Any CPU = Release|Any CPU
	EndGlobalSection
	GlobalSection(ProjectConfigurationPlatforms) = postSolution
		{87936179-9AB3-4F06-87DF-B028AFE00CC3}.Debug|Any CPU.ActiveCfg = Debug|Any CPU
		{87936179-9AB3-4F06-87DF-B028AFE00CC3}.Debug|Any CPU.Build.0 = Debug|Any CPU
		{87936179-9AB3-4F06-87DF-B028AFE00CC3}.Release|Any CPU.ActiveCfg = Release|Any CPU
		{87936179-9AB3-4F06-87DF-B028AFE00CC3}.Release|Any CPU.Build.0 = Release|Any CPU
	EndGlobalSection
	GlobalSection(SolutionProperties) = preSolution
		HideSolutionNode = FALSE
	EndGlobalSection
	GlobalSection(ExtensibilityGlobals) = postSolution
		SolutionGuid = {239120A5-58AC-4286-82AB-90CB09248F19}
	EndGlobalSection
EndGlobal
