
Microsoft Visual Studio Solution File, Format Version 12.00
# Visual Studio Version 16
VisualStudioVersion = 16.0.31829.152
MinimumVisualStudioVersion = 10.0.40219.1
Project("{FAE04EC0-301F-11D3-BF4B-00C04F79EFBC}") = "002_PrimeraAplicacion", "002_PrimeraAplicacion\002_PrimeraAplicacion.csproj", "{0735F3F6-C9A2-4C8E-9398-57E548C43F6D}"
EndProject
Global
	GlobalSection(SolutionConfigurationPlatforms) = preSolution
		Debug|Any CPU = Debug|Any CPU
		Release|Any CPU = Release|Any CPU
	EndGlobalSection
	GlobalSection(ProjectConfigurationPlatforms) = postSolution
		{0735F3F6-C9A2-4C8E-9398-57E548C43F6D}.Debug|Any CPU.ActiveCfg = Debug|Any CPU
		{0735F3F6-C9A2-4C8E-9398-57E548C43F6D}.Debug|Any CPU.Build.0 = Debug|Any CPU
		{0735F3F6-C9A2-4C8E-9398-57E548C43F6D}.Release|Any CPU.ActiveCfg = Release|Any CPU
		{0735F3F6-C9A2-4C8E-9398-57E548C43F6D}.Release|Any CPU.Build.0 = Release|Any CPU
	EndGlobalSection
	GlobalSection(SolutionProperties) = preSolution
		HideSolutionNode = FALSE
	EndGlobalSection
	GlobalSection(ExtensibilityGlobals) = postSolution
		SolutionGuid = {AFBA92B8-58BB-4E44-9691-224E84E0941E}
	EndGlobalSection
EndGlobal
